
Microsoft Visual Studio Solution File, Format Version 12.00
# Visual Studio Version 17
VisualStudioVersion = 17.3.32901.215
MinimumVisualStudioVersion = 10.0.40219.1
Project("{FAE04EC0-301F-11D3-BF4B-00C04F79EFBC}") = "PL", "PL\PL.csproj", "{1A88D674-6AFE-4F58-8268-867B3A9FED53}"
EndProject
Project("{2150E333-8FDC-42A3-9474-1A3956D46DE8}") = "Solution Items", "Solution Items", "{ABE705AE-7E8A-4113-9C99-E03FBC9F65C0}"
EndProject
Project("{FAE04EC0-301F-11D3-BF4B-00C04F79EFBC}") = "ML", "ML\ML.csproj", "{F4CA23B6-4D1F-403F-921D-EA11D4560043}"
EndProject
Project("{FAE04EC0-301F-11D3-BF4B-00C04F79EFBC}") = "BL", "BL\BL.csproj", "{D7AE1C08-0D95-452A-85D6-46621ABE56A1}"
EndProject
Project("{FAE04EC0-301F-11D3-BF4B-00C04F79EFBC}") = "DL", "DL\DL.csproj", "{243648C9-6E74-40A1-861D-993996EE8217}"
EndProject
Global
	GlobalSection(SolutionConfigurationPlatforms) = preSolution
		Debug|Any CPU = Debug|Any CPU
		Release|Any CPU = Release|Any CPU
	EndGlobalSection
	GlobalSection(ProjectConfigurationPlatforms) = postSolution
		{1A88D674-6AFE-4F58-8268-867B3A9FED53}.Debug|Any CPU.ActiveCfg = Debug|Any CPU
		{1A88D674-6AFE-4F58-8268-867B3A9FED53}.Debug|Any CPU.Build.0 = Debug|Any CPU
		{1A88D674-6AFE-4F58-8268-867B3A9FED53}.Release|Any CPU.ActiveCfg = Release|Any CPU
		{1A88D674-6AFE-4F58-8268-867B3A9FED53}.Release|Any CPU.Build.0 = Release|Any CPU
		{F4CA23B6-4D1F-403F-921D-EA11D4560043}.Debug|Any CPU.ActiveCfg = Debug|Any CPU
		{F4CA23B6-4D1F-403F-921D-EA11D4560043}.Debug|Any CPU.Build.0 = Debug|Any CPU
		{F4CA23B6-4D1F-403F-921D-EA11D4560043}.Release|Any CPU.ActiveCfg = Release|Any CPU
		{F4CA23B6-4D1F-403F-921D-EA11D4560043}.Release|Any CPU.Build.0 = Release|Any CPU
		{D7AE1C08-0D95-452A-85D6-46621ABE56A1}.Debug|Any CPU.ActiveCfg = Debug|Any CPU
		{D7AE1C08-0D95-452A-85D6-46621ABE56A1}.Debug|Any CPU.Build.0 = Debug|Any CPU
		{D7AE1C08-0D95-452A-85D6-46621ABE56A1}.Release|Any CPU.ActiveCfg = Release|Any CPU
		{D7AE1C08-0D95-452A-85D6-46621ABE56A1}.Release|Any CPU.Build.0 = Release|Any CPU
		{243648C9-6E74-40A1-861D-993996EE8217}.Debug|Any CPU.ActiveCfg = Debug|Any CPU
		{243648C9-6E74-40A1-861D-993996EE8217}.Debug|Any CPU.Build.0 = Debug|Any CPU
		{243648C9-6E74-40A1-861D-993996EE8217}.Release|Any CPU.ActiveCfg = Release|Any CPU
		{243648C9-6E74-40A1-861D-993996EE8217}.Release|Any CPU.Build.0 = Release|Any CPU
	EndGlobalSection
	GlobalSection(SolutionProperties) = preSolution
		HideSolutionNode = FALSE
	EndGlobalSection
	GlobalSection(ExtensibilityGlobals) = postSolution
		SolutionGuid = {47A73424-FEAA-43DB-9F30-8521A5B40BBF}
	EndGlobalSection
EndGlobal
